
Microsoft Visual Studio Solution File, Format Version 12.00
# Visual Studio Version 16
VisualStudioVersion = 16.0.30320.27
MinimumVisualStudioVersion = 10.0.40219.1
Project("{9A19103F-16F7-4668-BE54-9A1E7A4F7556}") = "ExpenditureOne.Web", "ExpenditureOne.Web\ExpenditureOne.Web.csproj", "{5467B4E8-A615-4A0B-A6C8-D4AA40FFCD53}"
EndProject
Project("{9A19103F-16F7-4668-BE54-9A1E7A4F7556}") = "ExpenditureOne.DAL", "ExpenditureOne.DAL\ExpenditureOne.DAL.csproj", "{D7690653-11B8-43E6-A84A-1E0E2BDABE80}"
EndProject
Project("{9A19103F-16F7-4668-BE54-9A1E7A4F7556}") = "ExpenditureOne.BL", "ExpenditureOne.BL\ExpenditureOne.BL.csproj", "{A45404E9-447A-494A-9746-7EEE85AD8E77}"
EndProject
Project("{9A19103F-16F7-4668-BE54-9A1E7A4F7556}") = "Expenditure.UnitTests", "Expenditure.UnitTests\Expenditure.UnitTests.csproj", "{EBD4D94E-751D-4D8E-B6E7-364F2D3E8281}"
EndProject
Project("{9A19103F-16F7-4668-BE54-9A1E7A4F7556}") = "Expenditure.IntegrationTests", "Expenditure.IntegrationTests\Expenditure.IntegrationTests.csproj", "{E8516705-5B47-43D5-895E-6AC04B4C4DE8}"
EndProject
Project("{FAE04EC0-301F-11D3-BF4B-00C04F79EFBC}") = "IntegrationHelper", "IntegrationHelper\IntegrationHelper.csproj", "{A555FB8B-8F2F-4456-971F-7D26933272AB}"
EndProject
Global
	GlobalSection(SolutionConfigurationPlatforms) = preSolution
		Debug|Any CPU = Debug|Any CPU
		Release|Any CPU = Release|Any CPU
	EndGlobalSection
	GlobalSection(ProjectConfigurationPlatforms) = postSolution
		{5467B4E8-A615-4A0B-A6C8-D4AA40FFCD53}.Debug|Any CPU.ActiveCfg = Debug|Any CPU
		{5467B4E8-A615-4A0B-A6C8-D4AA40FFCD53}.Debug|Any CPU.Build.0 = Debug|Any CPU
		{5467B4E8-A615-4A0B-A6C8-D4AA40FFCD53}.Release|Any CPU.ActiveCfg = Release|Any CPU
		{5467B4E8-A615-4A0B-A6C8-D4AA40FFCD53}.Release|Any CPU.Build.0 = Release|Any CPU
		{D7690653-11B8-43E6-A84A-1E0E2BDABE80}.Debug|Any CPU.ActiveCfg = Debug|Any CPU
		{D7690653-11B8-43E6-A84A-1E0E2BDABE80}.Debug|Any CPU.Build.0 = Debug|Any CPU
		{D7690653-11B8-43E6-A84A-1E0E2BDABE80}.Release|Any CPU.ActiveCfg = Release|Any CPU
		{D7690653-11B8-43E6-A84A-1E0E2BDABE80}.Release|Any CPU.Build.0 = Release|Any CPU
		{A45404E9-447A-494A-9746-7EEE85AD8E77}.Debug|Any CPU.ActiveCfg = Debug|Any CPU
		{A45404E9-447A-494A-9746-7EEE85AD8E77}.Debug|Any CPU.Build.0 = Debug|Any CPU
		{A45404E9-447A-494A-9746-7EEE85AD8E77}.Release|Any CPU.ActiveCfg = Release|Any CPU
		{A45404E9-447A-494A-9746-7EEE85AD8E77}.Release|Any CPU.Build.0 = Release|Any CPU
		{EBD4D94E-751D-4D8E-B6E7-364F2D3E8281}.Debug|Any CPU.ActiveCfg = Debug|Any CPU
		{EBD4D94E-751D-4D8E-B6E7-364F2D3E8281}.Debug|Any CPU.Build.0 = Debug|Any CPU
		{EBD4D94E-751D-4D8E-B6E7-364F2D3E8281}.Release|Any CPU.ActiveCfg = Release|Any CPU
		{EBD4D94E-751D-4D8E-B6E7-364F2D3E8281}.Release|Any CPU.Build.0 = Release|Any CPU
		{E8516705-5B47-43D5-895E-6AC04B4C4DE8}.Debug|Any CPU.ActiveCfg = Debug|Any CPU
		{E8516705-5B47-43D5-895E-6AC04B4C4DE8}.Debug|Any CPU.Build.0 = Debug|Any CPU
		{E8516705-5B47-43D5-895E-6AC04B4C4DE8}.Release|Any CPU.ActiveCfg = Release|Any CPU
		{E8516705-5B47-43D5-895E-6AC04B4C4DE8}.Release|Any CPU.Build.0 = Release|Any CPU
		{A555FB8B-8F2F-4456-971F-7D26933272AB}.Debug|Any CPU.ActiveCfg = Debug|Any CPU
		{A555FB8B-8F2F-4456-971F-7D26933272AB}.Debug|Any CPU.Build.0 = Debug|Any CPU
		{A555FB8B-8F2F-4456-971F-7D26933272AB}.Release|Any CPU.ActiveCfg = Release|Any CPU
		{A555FB8B-8F2F-4456-971F-7D26933272AB}.Release|Any CPU.Build.0 = Release|Any CPU
	EndGlobalSection
	GlobalSection(SolutionProperties) = preSolution
		HideSolutionNode = FALSE
	EndGlobalSection
	GlobalSection(ExtensibilityGlobals) = postSolution
		SolutionGuid = {C0001EDB-D26E-4E66-99BD-8C8CE40713D9}
	EndGlobalSection
EndGlobal
